
Microsoft Visual Studio Solution File, Format Version 12.00
# Visual Studio Version 17
VisualStudioVersion = 17.13.35913.81
MinimumVisualStudioVersion = 10.0.40219.1
Project("{FAE04EC0-301F-11D3-BF4B-00C04F79EFBC}") = "SWAPI_AR.Api", "SWAPI_AR\SWAPI_AR.Api.csproj", "{C452D41D-637C-4D35-893E-2FD200B6077E}"
EndProject
Project("{FAE04EC0-301F-11D3-BF4B-00C04F79EFBC}") = "SWAPI_AR.Repository", "SWAPI_AR.Repository\SWAPI_AR.Repository.csproj", "{91407800-8AF1-4029-8B93-7410DE663661}"
EndProject
Project("{FAE04EC0-301F-11D3-BF4B-00C04F79EFBC}") = "SWAPI_AR.Business", "SWAPI_AR.Business\SWAPI_AR.Business.csproj", "{3534D2D1-B668-4CCF-8894-54A7F42E0226}"
EndProject
Project("{FAE04EC0-301F-11D3-BF4B-00C04F79EFBC}") = "SWAPI_AR.Domain", "SWAPI_AR.Domain\SWAPI_AR.Domain.csproj", "{8D267DFC-4FBC-4B93-8F9E-781414AFDCF2}"
EndProject
Project("{FAE04EC0-301F-11D3-BF4B-00C04F79EFBC}") = "SWAPI_AR.Tests", "SWAPI_AR.Tests\SWAPI_AR.Tests.csproj", "{62469F4F-322C-41BD-A71F-E34A7304AD8B}"
EndProject
Global
	GlobalSection(SolutionConfigurationPlatforms) = preSolution
		Debug|Any CPU = Debug|Any CPU
		Release|Any CPU = Release|Any CPU
	EndGlobalSection
	GlobalSection(ProjectConfigurationPlatforms) = postSolution
		{C452D41D-637C-4D35-893E-2FD200B6077E}.Debug|Any CPU.ActiveCfg = Debug|Any CPU
		{C452D41D-637C-4D35-893E-2FD200B6077E}.Debug|Any CPU.Build.0 = Debug|Any CPU
		{C452D41D-637C-4D35-893E-2FD200B6077E}.Release|Any CPU.ActiveCfg = Release|Any CPU
		{C452D41D-637C-4D35-893E-2FD200B6077E}.Release|Any CPU.Build.0 = Release|Any CPU
		{91407800-8AF1-4029-8B93-7410DE663661}.Debug|Any CPU.ActiveCfg = Debug|Any CPU
		{91407800-8AF1-4029-8B93-7410DE663661}.Debug|Any CPU.Build.0 = Debug|Any CPU
		{91407800-8AF1-4029-8B93-7410DE663661}.Release|Any CPU.ActiveCfg = Release|Any CPU
		{91407800-8AF1-4029-8B93-7410DE663661}.Release|Any CPU.Build.0 = Release|Any CPU
		{3534D2D1-B668-4CCF-8894-54A7F42E0226}.Debug|Any CPU.ActiveCfg = Debug|Any CPU
		{3534D2D1-B668-4CCF-8894-54A7F42E0226}.Debug|Any CPU.Build.0 = Debug|Any CPU
		{3534D2D1-B668-4CCF-8894-54A7F42E0226}.Release|Any CPU.ActiveCfg = Release|Any CPU
		{3534D2D1-B668-4CCF-8894-54A7F42E0226}.Release|Any CPU.Build.0 = Release|Any CPU
		{8D267DFC-4FBC-4B93-8F9E-781414AFDCF2}.Debug|Any CPU.ActiveCfg = Debug|Any CPU
		{8D267DFC-4FBC-4B93-8F9E-781414AFDCF2}.Debug|Any CPU.Build.0 = Debug|Any CPU
		{8D267DFC-4FBC-4B93-8F9E-781414AFDCF2}.Release|Any CPU.ActiveCfg = Release|Any CPU
		{8D267DFC-4FBC-4B93-8F9E-781414AFDCF2}.Release|Any CPU.Build.0 = Release|Any CPU
		{62469F4F-322C-41BD-A71F-E34A7304AD8B}.Debug|Any CPU.ActiveCfg = Debug|Any CPU
		{62469F4F-322C-41BD-A71F-E34A7304AD8B}.Debug|Any CPU.Build.0 = Debug|Any CPU
		{62469F4F-322C-41BD-A71F-E34A7304AD8B}.Release|Any CPU.ActiveCfg = Release|Any CPU
		{62469F4F-322C-41BD-A71F-E34A7304AD8B}.Release|Any CPU.Build.0 = Release|Any CPU
	EndGlobalSection
	GlobalSection(SolutionProperties) = preSolution
		HideSolutionNode = FALSE
	EndGlobalSection
	GlobalSection(ExtensibilityGlobals) = postSolution
		SolutionGuid = {9F0C4CB0-3358-4F25-B855-6A9BFA4D83C1}
	EndGlobalSection
EndGlobal
